
Microsoft Visual Studio Solution File, Format Version 12.00
# Visual Studio Version 17
VisualStudioVersion = 17.14.35906.104
MinimumVisualStudioVersion = 10.0.40219.1
Project("{FAE04EC0-301F-11D3-BF4B-00C04F79EFBC}") = "Algo", "Algo\Algo.csproj", "{AF8EA52D-3FB3-4000-BDEC-D358AEA5CBFC}"
EndProject
Project("{FAE04EC0-301F-11D3-BF4B-00C04F79EFBC}") = "Metode", "Metode\Metode.csproj", "{064D54A6-BDFF-4394-B199-19DB904D604F}"
EndProject
Project("{FAE04EC0-301F-11D3-BF4B-00C04F79EFBC}") = "OutParametar", "OutParametar\OutParametar.csproj", "{56506EFA-DC10-4113-AFDD-B8DED686C63B}"
EndProject
Project("{FAE04EC0-301F-11D3-BF4B-00C04F79EFBC}") = "PromenljiviNizParametra", "PromenljiviNizParametra\PromenljiviNizParametra.csproj", "{2F92FD98-C468-4828-ABDB-00AC61CF3E30}"
EndProject
Project("{FAE04EC0-301F-11D3-BF4B-00C04F79EFBC}") = "Rekurzija", "Rekurzija\Rekurzija.csproj", "{B30AD3EA-8C99-448C-8A5B-7FBB101A9441}"
EndProject
Project("{FAE04EC0-301F-11D3-BF4B-00C04F79EFBC}") = "Matrica", "Matrica\Matrica.csproj", "{D1AC5BC7-18C5-4B1A-83D6-00D60E7AC463}"
EndProject
Project("{FAE04EC0-301F-11D3-BF4B-00C04F79EFBC}") = "PripremaZaKolokvijum1", "PripremaZaKolokvijum1\PripremaZaKolokvijum1.csproj", "{54455108-D1EB-407E-8968-2182650EF054}"
EndProject
Project("{FAE04EC0-301F-11D3-BF4B-00C04F79EFBC}") = "TwoSum", "TwoSum\TwoSum.csproj", "{BC2AFCD5-E348-43E1-8DE2-A4ADFDD0180A}"
EndProject
Project("{FAE04EC0-301F-11D3-BF4B-00C04F79EFBC}") = "LongestCommonPrefix", "LongestCommonPrefix\LongestCommonPrefix.csproj", "{A8516D7F-C23C-4EFB-9ADA-0BFE2B92880C}"
EndProject
Project("{FAE04EC0-301F-11D3-BF4B-00C04F79EFBC}") = "PripremaZaKolokvijum1Recap", "PripremaZaKolokvijum1Recap\PripremaZaKolokvijum1Recap.csproj", "{8611C209-1126-4B5D-9B3D-3975ED413CB6}"
EndProject
Project("{FAE04EC0-301F-11D3-BF4B-00C04F79EFBC}") = "RemoveElement", "RemoveElement\RemoveElement.csproj", "{60F41ACD-AB58-4B23-B0D1-1B753C343C67}"
EndProject
Project("{FAE04EC0-301F-11D3-BF4B-00C04F79EFBC}") = "UlaznoIzlazneOperacije", "UlaznoIzlazneOperacije\UlaznoIzlazneOperacije.csproj", "{4065C539-AE7B-4894-B2A5-D561F89263EB}"
EndProject
Project("{FAE04EC0-301F-11D3-BF4B-00C04F79EFBC}") = "Serijalizacija", "Serijalizacija\Serijalizacija.csproj", "{4C87CE1F-EB74-4549-8BD7-7AE95E372856}"
EndProject
Project("{FAE04EC0-301F-11D3-BF4B-00C04F79EFBC}") = "IndexOfTheFirstOccurence", "IndexOfTheFirstOccurence\IndexOfTheFirstOccurence.csproj", "{D5690384-956B-4F19-9ECF-0AEF6029020F}"
EndProject
Global
	GlobalSection(SolutionConfigurationPlatforms) = preSolution
		Debug|Any CPU = Debug|Any CPU
		Release|Any CPU = Release|Any CPU
	EndGlobalSection
	GlobalSection(ProjectConfigurationPlatforms) = postSolution
		{AF8EA52D-3FB3-4000-BDEC-D358AEA5CBFC}.Debug|Any CPU.ActiveCfg = Debug|Any CPU
		{AF8EA52D-3FB3-4000-BDEC-D358AEA5CBFC}.Debug|Any CPU.Build.0 = Debug|Any CPU
		{AF8EA52D-3FB3-4000-BDEC-D358AEA5CBFC}.Release|Any CPU.ActiveCfg = Release|Any CPU
		{AF8EA52D-3FB3-4000-BDEC-D358AEA5CBFC}.Release|Any CPU.Build.0 = Release|Any CPU
		{064D54A6-BDFF-4394-B199-19DB904D604F}.Debug|Any CPU.ActiveCfg = Debug|Any CPU
		{064D54A6-BDFF-4394-B199-19DB904D604F}.Debug|Any CPU.Build.0 = Debug|Any CPU
		{064D54A6-BDFF-4394-B199-19DB904D604F}.Release|Any CPU.ActiveCfg = Release|Any CPU
		{064D54A6-BDFF-4394-B199-19DB904D604F}.Release|Any CPU.Build.0 = Release|Any CPU
		{56506EFA-DC10-4113-AFDD-B8DED686C63B}.Debug|Any CPU.ActiveCfg = Debug|Any CPU
		{56506EFA-DC10-4113-AFDD-B8DED686C63B}.Debug|Any CPU.Build.0 = Debug|Any CPU
		{56506EFA-DC10-4113-AFDD-B8DED686C63B}.Release|Any CPU.ActiveCfg = Release|Any CPU
		{56506EFA-DC10-4113-AFDD-B8DED686C63B}.Release|Any CPU.Build.0 = Release|Any CPU
		{2F92FD98-C468-4828-ABDB-00AC61CF3E30}.Debug|Any CPU.ActiveCfg = Debug|Any CPU
		{2F92FD98-C468-4828-ABDB-00AC61CF3E30}.Debug|Any CPU.Build.0 = Debug|Any CPU
		{2F92FD98-C468-4828-ABDB-00AC61CF3E30}.Release|Any CPU.ActiveCfg = Release|Any CPU
		{2F92FD98-C468-4828-ABDB-00AC61CF3E30}.Release|Any CPU.Build.0 = Release|Any CPU
		{B30AD3EA-8C99-448C-8A5B-7FBB101A9441}.Debug|Any CPU.ActiveCfg = Debug|Any CPU
		{B30AD3EA-8C99-448C-8A5B-7FBB101A9441}.Debug|Any CPU.Build.0 = Debug|Any CPU
		{B30AD3EA-8C99-448C-8A5B-7FBB101A9441}.Release|Any CPU.ActiveCfg = Release|Any CPU
		{B30AD3EA-8C99-448C-8A5B-7FBB101A9441}.Release|Any CPU.Build.0 = Release|Any CPU
		{D1AC5BC7-18C5-4B1A-83D6-00D60E7AC463}.Debug|Any CPU.ActiveCfg = Debug|Any CPU
		{D1AC5BC7-18C5-4B1A-83D6-00D60E7AC463}.Debug|Any CPU.Build.0 = Debug|Any CPU
		{D1AC5BC7-18C5-4B1A-83D6-00D60E7AC463}.Release|Any CPU.ActiveCfg = Release|Any CPU
		{D1AC5BC7-18C5-4B1A-83D6-00D60E7AC463}.Release|Any CPU.Build.0 = Release|Any CPU
		{54455108-D1EB-407E-8968-2182650EF054}.Debug|Any CPU.ActiveCfg = Debug|Any CPU
		{54455108-D1EB-407E-8968-2182650EF054}.Debug|Any CPU.Build.0 = Debug|Any CPU
		{54455108-D1EB-407E-8968-2182650EF054}.Release|Any CPU.ActiveCfg = Release|Any CPU
		{54455108-D1EB-407E-8968-2182650EF054}.Release|Any CPU.Build.0 = Release|Any CPU
		{BC2AFCD5-E348-43E1-8DE2-A4ADFDD0180A}.Debug|Any CPU.ActiveCfg = Debug|Any CPU
		{BC2AFCD5-E348-43E1-8DE2-A4ADFDD0180A}.Debug|Any CPU.Build.0 = Debug|Any CPU
		{BC2AFCD5-E348-43E1-8DE2-A4ADFDD0180A}.Release|Any CPU.ActiveCfg = Release|Any CPU
		{BC2AFCD5-E348-43E1-8DE2-A4ADFDD0180A}.Release|Any CPU.Build.0 = Release|Any CPU
		{A8516D7F-C23C-4EFB-9ADA-0BFE2B92880C}.Debug|Any CPU.ActiveCfg = Debug|Any CPU
		{A8516D7F-C23C-4EFB-9ADA-0BFE2B92880C}.Debug|Any CPU.Build.0 = Debug|Any CPU
		{A8516D7F-C23C-4EFB-9ADA-0BFE2B92880C}.Release|Any CPU.ActiveCfg = Release|Any CPU
		{A8516D7F-C23C-4EFB-9ADA-0BFE2B92880C}.Release|Any CPU.Build.0 = Release|Any CPU
		{8611C209-1126-4B5D-9B3D-3975ED413CB6}.Debug|Any CPU.ActiveCfg = Debug|Any CPU
		{8611C209-1126-4B5D-9B3D-3975ED413CB6}.Debug|Any CPU.Build.0 = Debug|Any CPU
		{8611C209-1126-4B5D-9B3D-3975ED413CB6}.Release|Any CPU.ActiveCfg = Release|Any CPU
		{8611C209-1126-4B5D-9B3D-3975ED413CB6}.Release|Any CPU.Build.0 = Release|Any CPU
		{60F41ACD-AB58-4B23-B0D1-1B753C343C67}.Debug|Any CPU.ActiveCfg = Debug|Any CPU
		{60F41ACD-AB58-4B23-B0D1-1B753C343C67}.Debug|Any CPU.Build.0 = Debug|Any CPU
		{60F41ACD-AB58-4B23-B0D1-1B753C343C67}.Release|Any CPU.ActiveCfg = Release|Any CPU
		{60F41ACD-AB58-4B23-B0D1-1B753C343C67}.Release|Any CPU.Build.0 = Release|Any CPU
		{4065C539-AE7B-4894-B2A5-D561F89263EB}.Debug|Any CPU.ActiveCfg = Debug|Any CPU
		{4065C539-AE7B-4894-B2A5-D561F89263EB}.Debug|Any CPU.Build.0 = Debug|Any CPU
		{4065C539-AE7B-4894-B2A5-D561F89263EB}.Release|Any CPU.ActiveCfg = Release|Any CPU
		{4065C539-AE7B-4894-B2A5-D561F89263EB}.Release|Any CPU.Build.0 = Release|Any CPU
		{4C87CE1F-EB74-4549-8BD7-7AE95E372856}.Debug|Any CPU.ActiveCfg = Debug|Any CPU
		{4C87CE1F-EB74-4549-8BD7-7AE95E372856}.Debug|Any CPU.Build.0 = Debug|Any CPU
		{4C87CE1F-EB74-4549-8BD7-7AE95E372856}.Release|Any CPU.ActiveCfg = Release|Any CPU
		{4C87CE1F-EB74-4549-8BD7-7AE95E372856}.Release|Any CPU.Build.0 = Release|Any CPU
		{D5690384-956B-4F19-9ECF-0AEF6029020F}.Debug|Any CPU.ActiveCfg = Debug|Any CPU
		{D5690384-956B-4F19-9ECF-0AEF6029020F}.Debug|Any CPU.Build.0 = Debug|Any CPU
		{D5690384-956B-4F19-9ECF-0AEF6029020F}.Release|Any CPU.ActiveCfg = Release|Any CPU
		{D5690384-956B-4F19-9ECF-0AEF6029020F}.Release|Any CPU.Build.0 = Release|Any CPU
	EndGlobalSection
	GlobalSection(SolutionProperties) = preSolution
		HideSolutionNode = FALSE
	EndGlobalSection
	GlobalSection(ExtensibilityGlobals) = postSolution
		SolutionGuid = {7B9930D4-3DD3-4071-B531-717213C51AD5}
	EndGlobalSection
EndGlobal
